
Microsoft Visual Studio Solution File, Format Version 12.00
Project("{2150E333-8FDC-42A3-9474-1A3956D46DE8}") = "SRC", "SRC", "{831038B3-8B3C-40C2-A9C9-D036D0D52A09}"
EndProject
Project("{2150E333-8FDC-42A3-9474-1A3956D46DE8}") = "Identity", "Identity", "{4EC1DA0E-B529-449F-B371-879D3E1F4B37}"
EndProject
Project("{2150E333-8FDC-42A3-9474-1A3956D46DE8}") = "Catalog", "Catalog", "{B08B5CBB-C0C9-4F70-BFAF-F7978B874C31}"
EndProject
Project("{2150E333-8FDC-42A3-9474-1A3956D46DE8}") = "Orders", "Orders", "{991607E9-7223-4AA5-8638-F6A6EA150C93}"
EndProject
Project("{FAE04EC0-301F-11D3-BF4B-00C04F79EFBC}") = "Identity.Domain", "Identity.Domain\Identity.Domain.csproj", "{5C8B362D-E71A-457A-A147-4E79D44A4ED1}"
EndProject
Project("{FAE04EC0-301F-11D3-BF4B-00C04F79EFBC}") = "Identity.Application", "Identity.Application\Identity.Application.csproj", "{3CB880D8-C238-47F7-BBBD-C8EA15D54074}"
EndProject
Project("{FAE04EC0-301F-11D3-BF4B-00C04F79EFBC}") = "Identity.Infrastructure", "Identity.Infrastructure\Identity.Infrastructure.csproj", "{8D9DBCF4-993C-465D-B563-0678A80B48D1}"
EndProject
Project("{FAE04EC0-301F-11D3-BF4B-00C04F79EFBC}") = "Identity.API", "Identity.API\Identity.API.csproj", "{6CFF4DBA-9DFD-465A-8E72-52F519706E4D}"
EndProject
Project("{FAE04EC0-301F-11D3-BF4B-00C04F79EFBC}") = "Identity.Tests", "Identity.Tests\Identity.Tests.csproj", "{45713740-26E8-4B13-A260-48F5B42A3562}"
EndProject
Project("{FAE04EC0-301F-11D3-BF4B-00C04F79EFBC}") = "Catalog.Tests", "Catalog.Tests\Catalog.Tests.csproj", "{80F06F62-F75C-4558-A19C-7526EB9C0E9A}"
EndProject
Project("{FAE04EC0-301F-11D3-BF4B-00C04F79EFBC}") = "Catalog.API", "Catalog.API\Catalog.API.csproj", "{530F75E3-5F93-4F2E-97C0-9DE09EDDC86C}"
EndProject
Project("{FAE04EC0-301F-11D3-BF4B-00C04F79EFBC}") = "Catalog.Application", "Catalog.Application\Catalog.Application.csproj", "{36C6D1E0-B218-42D8-A369-93D80442E86F}"
EndProject
Project("{FAE04EC0-301F-11D3-BF4B-00C04F79EFBC}") = "Catalog.Domain", "Catalog.Domain\Catalog.Domain.csproj", "{2938E4C1-6D48-47C8-AE1C-29ED06B65341}"
EndProject
Project("{FAE04EC0-301F-11D3-BF4B-00C04F79EFBC}") = "Catalog.Infrastructure", "Catalog.Infrastructure\Catalog.Infrastructure.csproj", "{6EADD4E0-A5AC-404E-B3E2-726F3DFA8036}"
EndProject
Project("{FAE04EC0-301F-11D3-BF4B-00C04F79EFBC}") = "Orders.Application", "Orders.Application\Orders.Application.csproj", "{91D3332C-1BF1-4BE4-A2EA-F930B0B64641}"
EndProject
Project("{FAE04EC0-301F-11D3-BF4B-00C04F79EFBC}") = "Orders.Domain", "Orders.Domain\Orders.Domain.csproj", "{A297AF30-31E2-40D9-899E-F2D51C015EDA}"
EndProject
Project("{FAE04EC0-301F-11D3-BF4B-00C04F79EFBC}") = "Orders.Infrastructure", "Orders.Infrastructure\Orders.Infrastructure.csproj", "{5C78A03C-145A-4B34-9E66-DF5DC8012395}"
EndProject
Project("{FAE04EC0-301F-11D3-BF4B-00C04F79EFBC}") = "Orders.Tests", "Orders.Tests\Orders.Tests.csproj", "{2928FE76-111B-4FB7-9AF9-8DC52E36B76B}"
EndProject
Project("{FAE04EC0-301F-11D3-BF4B-00C04F79EFBC}") = "Orders.API", "Orders.API\Orders.API.csproj", "{CCBDE1F9-A2D2-4E52-9E1F-B8E9145FE0BC}"
EndProject
Global
	GlobalSection(SolutionConfigurationPlatforms) = preSolution
		Debug|Any CPU = Debug|Any CPU
		Release|Any CPU = Release|Any CPU
	EndGlobalSection
	GlobalSection(ProjectConfigurationPlatforms) = postSolution
		{5C8B362D-E71A-457A-A147-4E79D44A4ED1}.Debug|Any CPU.ActiveCfg = Debug|Any CPU
		{5C8B362D-E71A-457A-A147-4E79D44A4ED1}.Debug|Any CPU.Build.0 = Debug|Any CPU
		{5C8B362D-E71A-457A-A147-4E79D44A4ED1}.Release|Any CPU.ActiveCfg = Release|Any CPU
		{5C8B362D-E71A-457A-A147-4E79D44A4ED1}.Release|Any CPU.Build.0 = Release|Any CPU
		{3CB880D8-C238-47F7-BBBD-C8EA15D54074}.Debug|Any CPU.ActiveCfg = Debug|Any CPU
		{3CB880D8-C238-47F7-BBBD-C8EA15D54074}.Debug|Any CPU.Build.0 = Debug|Any CPU
		{3CB880D8-C238-47F7-BBBD-C8EA15D54074}.Release|Any CPU.ActiveCfg = Release|Any CPU
		{3CB880D8-C238-47F7-BBBD-C8EA15D54074}.Release|Any CPU.Build.0 = Release|Any CPU
		{8D9DBCF4-993C-465D-B563-0678A80B48D1}.Debug|Any CPU.ActiveCfg = Debug|Any CPU
		{8D9DBCF4-993C-465D-B563-0678A80B48D1}.Debug|Any CPU.Build.0 = Debug|Any CPU
		{8D9DBCF4-993C-465D-B563-0678A80B48D1}.Release|Any CPU.ActiveCfg = Release|Any CPU
		{8D9DBCF4-993C-465D-B563-0678A80B48D1}.Release|Any CPU.Build.0 = Release|Any CPU
		{6CFF4DBA-9DFD-465A-8E72-52F519706E4D}.Debug|Any CPU.ActiveCfg = Debug|Any CPU
		{6CFF4DBA-9DFD-465A-8E72-52F519706E4D}.Debug|Any CPU.Build.0 = Debug|Any CPU
		{6CFF4DBA-9DFD-465A-8E72-52F519706E4D}.Release|Any CPU.ActiveCfg = Release|Any CPU
		{6CFF4DBA-9DFD-465A-8E72-52F519706E4D}.Release|Any CPU.Build.0 = Release|Any CPU
		{45713740-26E8-4B13-A260-48F5B42A3562}.Debug|Any CPU.ActiveCfg = Debug|Any CPU
		{45713740-26E8-4B13-A260-48F5B42A3562}.Debug|Any CPU.Build.0 = Debug|Any CPU
		{45713740-26E8-4B13-A260-48F5B42A3562}.Release|Any CPU.ActiveCfg = Release|Any CPU
		{45713740-26E8-4B13-A260-48F5B42A3562}.Release|Any CPU.Build.0 = Release|Any CPU
		{80F06F62-F75C-4558-A19C-7526EB9C0E9A}.Debug|Any CPU.ActiveCfg = Debug|Any CPU
		{80F06F62-F75C-4558-A19C-7526EB9C0E9A}.Debug|Any CPU.Build.0 = Debug|Any CPU
		{80F06F62-F75C-4558-A19C-7526EB9C0E9A}.Release|Any CPU.ActiveCfg = Release|Any CPU
		{80F06F62-F75C-4558-A19C-7526EB9C0E9A}.Release|Any CPU.Build.0 = Release|Any CPU
		{530F75E3-5F93-4F2E-97C0-9DE09EDDC86C}.Debug|Any CPU.ActiveCfg = Debug|Any CPU
		{530F75E3-5F93-4F2E-97C0-9DE09EDDC86C}.Debug|Any CPU.Build.0 = Debug|Any CPU
		{530F75E3-5F93-4F2E-97C0-9DE09EDDC86C}.Release|Any CPU.ActiveCfg = Release|Any CPU
		{530F75E3-5F93-4F2E-97C0-9DE09EDDC86C}.Release|Any CPU.Build.0 = Release|Any CPU
		{36C6D1E0-B218-42D8-A369-93D80442E86F}.Debug|Any CPU.ActiveCfg = Debug|Any CPU
		{36C6D1E0-B218-42D8-A369-93D80442E86F}.Debug|Any CPU.Build.0 = Debug|Any CPU
		{36C6D1E0-B218-42D8-A369-93D80442E86F}.Release|Any CPU.ActiveCfg = Release|Any CPU
		{36C6D1E0-B218-42D8-A369-93D80442E86F}.Release|Any CPU.Build.0 = Release|Any CPU
		{2938E4C1-6D48-47C8-AE1C-29ED06B65341}.Debug|Any CPU.ActiveCfg = Debug|Any CPU
		{2938E4C1-6D48-47C8-AE1C-29ED06B65341}.Debug|Any CPU.Build.0 = Debug|Any CPU
		{2938E4C1-6D48-47C8-AE1C-29ED06B65341}.Release|Any CPU.ActiveCfg = Release|Any CPU
		{2938E4C1-6D48-47C8-AE1C-29ED06B65341}.Release|Any CPU.Build.0 = Release|Any CPU
		{6EADD4E0-A5AC-404E-B3E2-726F3DFA8036}.Debug|Any CPU.ActiveCfg = Debug|Any CPU
		{6EADD4E0-A5AC-404E-B3E2-726F3DFA8036}.Debug|Any CPU.Build.0 = Debug|Any CPU
		{6EADD4E0-A5AC-404E-B3E2-726F3DFA8036}.Release|Any CPU.ActiveCfg = Release|Any CPU
		{6EADD4E0-A5AC-404E-B3E2-726F3DFA8036}.Release|Any CPU.Build.0 = Release|Any CPU
		{91D3332C-1BF1-4BE4-A2EA-F930B0B64641}.Debug|Any CPU.ActiveCfg = Debug|Any CPU
		{91D3332C-1BF1-4BE4-A2EA-F930B0B64641}.Debug|Any CPU.Build.0 = Debug|Any CPU
		{91D3332C-1BF1-4BE4-A2EA-F930B0B64641}.Release|Any CPU.ActiveCfg = Release|Any CPU
		{91D3332C-1BF1-4BE4-A2EA-F930B0B64641}.Release|Any CPU.Build.0 = Release|Any CPU
		{A297AF30-31E2-40D9-899E-F2D51C015EDA}.Debug|Any CPU.ActiveCfg = Debug|Any CPU
		{A297AF30-31E2-40D9-899E-F2D51C015EDA}.Debug|Any CPU.Build.0 = Debug|Any CPU
		{A297AF30-31E2-40D9-899E-F2D51C015EDA}.Release|Any CPU.ActiveCfg = Release|Any CPU
		{A297AF30-31E2-40D9-899E-F2D51C015EDA}.Release|Any CPU.Build.0 = Release|Any CPU
		{5C78A03C-145A-4B34-9E66-DF5DC8012395}.Debug|Any CPU.ActiveCfg = Debug|Any CPU
		{5C78A03C-145A-4B34-9E66-DF5DC8012395}.Debug|Any CPU.Build.0 = Debug|Any CPU
		{5C78A03C-145A-4B34-9E66-DF5DC8012395}.Release|Any CPU.ActiveCfg = Release|Any CPU
		{5C78A03C-145A-4B34-9E66-DF5DC8012395}.Release|Any CPU.Build.0 = Release|Any CPU
		{2928FE76-111B-4FB7-9AF9-8DC52E36B76B}.Debug|Any CPU.ActiveCfg = Debug|Any CPU
		{2928FE76-111B-4FB7-9AF9-8DC52E36B76B}.Debug|Any CPU.Build.0 = Debug|Any CPU
		{2928FE76-111B-4FB7-9AF9-8DC52E36B76B}.Release|Any CPU.ActiveCfg = Release|Any CPU
		{2928FE76-111B-4FB7-9AF9-8DC52E36B76B}.Release|Any CPU.Build.0 = Release|Any CPU
		{CCBDE1F9-A2D2-4E52-9E1F-B8E9145FE0BC}.Debug|Any CPU.ActiveCfg = Debug|Any CPU
		{CCBDE1F9-A2D2-4E52-9E1F-B8E9145FE0BC}.Debug|Any CPU.Build.0 = Debug|Any CPU
		{CCBDE1F9-A2D2-4E52-9E1F-B8E9145FE0BC}.Release|Any CPU.ActiveCfg = Release|Any CPU
		{CCBDE1F9-A2D2-4E52-9E1F-B8E9145FE0BC}.Release|Any CPU.Build.0 = Release|Any CPU
	EndGlobalSection
	GlobalSection(NestedProjects) = preSolution
		{4EC1DA0E-B529-449F-B371-879D3E1F4B37} = {831038B3-8B3C-40C2-A9C9-D036D0D52A09}
		{B08B5CBB-C0C9-4F70-BFAF-F7978B874C31} = {831038B3-8B3C-40C2-A9C9-D036D0D52A09}
		{991607E9-7223-4AA5-8638-F6A6EA150C93} = {831038B3-8B3C-40C2-A9C9-D036D0D52A09}
		{5C8B362D-E71A-457A-A147-4E79D44A4ED1} = {4EC1DA0E-B529-449F-B371-879D3E1F4B37}
		{3CB880D8-C238-47F7-BBBD-C8EA15D54074} = {4EC1DA0E-B529-449F-B371-879D3E1F4B37}
		{8D9DBCF4-993C-465D-B563-0678A80B48D1} = {4EC1DA0E-B529-449F-B371-879D3E1F4B37}
		{6CFF4DBA-9DFD-465A-8E72-52F519706E4D} = {4EC1DA0E-B529-449F-B371-879D3E1F4B37}
		{45713740-26E8-4B13-A260-48F5B42A3562} = {4EC1DA0E-B529-449F-B371-879D3E1F4B37}
		{80F06F62-F75C-4558-A19C-7526EB9C0E9A} = {B08B5CBB-C0C9-4F70-BFAF-F7978B874C31}
		{530F75E3-5F93-4F2E-97C0-9DE09EDDC86C} = {B08B5CBB-C0C9-4F70-BFAF-F7978B874C31}
		{36C6D1E0-B218-42D8-A369-93D80442E86F} = {B08B5CBB-C0C9-4F70-BFAF-F7978B874C31}
		{2938E4C1-6D48-47C8-AE1C-29ED06B65341} = {B08B5CBB-C0C9-4F70-BFAF-F7978B874C31}
		{6EADD4E0-A5AC-404E-B3E2-726F3DFA8036} = {B08B5CBB-C0C9-4F70-BFAF-F7978B874C31}
		{91D3332C-1BF1-4BE4-A2EA-F930B0B64641} = {991607E9-7223-4AA5-8638-F6A6EA150C93}
		{A297AF30-31E2-40D9-899E-F2D51C015EDA} = {991607E9-7223-4AA5-8638-F6A6EA150C93}
		{5C78A03C-145A-4B34-9E66-DF5DC8012395} = {991607E9-7223-4AA5-8638-F6A6EA150C93}
		{2928FE76-111B-4FB7-9AF9-8DC52E36B76B} = {991607E9-7223-4AA5-8638-F6A6EA150C93}
		{CCBDE1F9-A2D2-4E52-9E1F-B8E9145FE0BC} = {991607E9-7223-4AA5-8638-F6A6EA150C93}
	EndGlobalSection
EndGlobal
